<Solution>
  <Folder Name="/backend/">
    <Project Path="backend/src/NainConfigurator.Hosting/NainConfigurator.Hosting.csproj" />
    <Project Path="backend/src/NainConfigurator.OperationsHost/NainConfigurator.OperationsHost.csproj" />
    <Project Path="backend/src/NainConfigurator.PublicHost/NainConfigurator.PublicHost.csproj" />
    <Project Path="backend/src/NainConfigurator.Worker/NainConfigurator.Worker.csproj" />
  </Folder>
  <Folder Name="/tests/">
    <Project Path="backend/tests/NainConfigurator.Baseline.Tests/NainConfigurator.Baseline.Tests.csproj" />
    <Project Path="backend/tests/NainConfigurator.Database.IntegrationTests/NainConfigurator.Database.IntegrationTests.csproj" />
  </Folder>
</Solution>
